
Microsoft Visual Studio Solution File, Format Version 12.00
# Visual Studio Version 17
VisualStudioVersion = 17.0.32126.317
MinimumVisualStudioVersion = 10.0.40219.1
Project("{FAE04EC0-301F-11D3-BF4B-00C04F79EFBC}") = "DesignPatternStudy", "DesignPatternStudy\DesignPatternStudy.csproj", "{165D0ACF-BCBE-4492-8EB5-14104B65ED79}"
EndProject
Global
	GlobalSection(SolutionConfigurationPlatforms) = preSolution
		Debug|Any CPU = Debug|Any CPU
		Release|Any CPU = Release|Any CPU
	EndGlobalSection
	GlobalSection(ProjectConfigurationPlatforms) = postSolution
		{165D0ACF-BCBE-4492-8EB5-14104B65ED79}.Debug|Any CPU.ActiveCfg = Debug|Any CPU
		{165D0ACF-BCBE-4492-8EB5-14104B65ED79}.Debug|Any CPU.Build.0 = Debug|Any CPU
		{165D0ACF-BCBE-4492-8EB5-14104B65ED79}.Release|Any CPU.ActiveCfg = Release|Any CPU
		{165D0ACF-BCBE-4492-8EB5-14104B65ED79}.Release|Any CPU.Build.0 = Release|Any CPU
	EndGlobalSection
	GlobalSection(SolutionProperties) = preSolution
		HideSolutionNode = FALSE
	EndGlobalSection
	GlobalSection(ExtensibilityGlobals) = postSolution
		SolutionGuid = {BB31CD74-0614-46C6-91DC-090F50F629FA}
	EndGlobalSection
EndGlobal
